
Microsoft Visual Studio Solution File, Format Version 12.00
# Visual Studio Version 17
VisualStudioVersion = 17.0.31919.166
MinimumVisualStudioVersion = 10.0.40219.1
Project("{FAE04EC0-301F-11D3-BF4B-00C04F79EFBC}") = "AulaPOO_23_02_2023", "AulaPOO_23_02_2023\AulaPOO_23_02_2023.csproj", "{CA879ABE-D299-43C6-A0F6-6B2D6111F1BC}"
EndProject
Project("{FAE04EC0-301F-11D3-BF4B-00C04F79EFBC}") = "Atividade4_POO_23_02_2023", "Atividade4_POO_23_02_2023\Atividade4_POO_23_02_2023.csproj", "{F14FDF18-3612-47E7-AB23-5B69CF2D8132}"
EndProject
Project("{FAE04EC0-301F-11D3-BF4B-00C04F79EFBC}") = "Atividade5_POO_23_02_2023", "Atividade5_POO_23_02_2023\Atividade5_POO_23_02_2023.csproj", "{623A76BC-337F-4CE0-9DD2-EBAE2C7C51C8}"
EndProject
Global
	GlobalSection(SolutionConfigurationPlatforms) = preSolution
		Debug|Any CPU = Debug|Any CPU
		Release|Any CPU = Release|Any CPU
	EndGlobalSection
	GlobalSection(ProjectConfigurationPlatforms) = postSolution
		{CA879ABE-D299-43C6-A0F6-6B2D6111F1BC}.Debug|Any CPU.ActiveCfg = Debug|Any CPU
		{CA879ABE-D299-43C6-A0F6-6B2D6111F1BC}.Debug|Any CPU.Build.0 = Debug|Any CPU
		{CA879ABE-D299-43C6-A0F6-6B2D6111F1BC}.Release|Any CPU.ActiveCfg = Release|Any CPU
		{CA879ABE-D299-43C6-A0F6-6B2D6111F1BC}.Release|Any CPU.Build.0 = Release|Any CPU
		{F14FDF18-3612-47E7-AB23-5B69CF2D8132}.Debug|Any CPU.ActiveCfg = Debug|Any CPU
		{F14FDF18-3612-47E7-AB23-5B69CF2D8132}.Debug|Any CPU.Build.0 = Debug|Any CPU
		{F14FDF18-3612-47E7-AB23-5B69CF2D8132}.Release|Any CPU.ActiveCfg = Release|Any CPU
		{F14FDF18-3612-47E7-AB23-5B69CF2D8132}.Release|Any CPU.Build.0 = Release|Any CPU
		{623A76BC-337F-4CE0-9DD2-EBAE2C7C51C8}.Debug|Any CPU.ActiveCfg = Debug|Any CPU
		{623A76BC-337F-4CE0-9DD2-EBAE2C7C51C8}.Debug|Any CPU.Build.0 = Debug|Any CPU
		{623A76BC-337F-4CE0-9DD2-EBAE2C7C51C8}.Release|Any CPU.ActiveCfg = Release|Any CPU
		{623A76BC-337F-4CE0-9DD2-EBAE2C7C51C8}.Release|Any CPU.Build.0 = Release|Any CPU
	EndGlobalSection
	GlobalSection(SolutionProperties) = preSolution
		HideSolutionNode = FALSE
	EndGlobalSection
	GlobalSection(ExtensibilityGlobals) = postSolution
		SolutionGuid = {75E08139-6F17-4555-846C-26F7207A7026}
	EndGlobalSection
EndGlobal
